{
 "graph_lock": {
  "nodes": {
   "0": {
    "ref": "googleapis/cci.20221108",
    "options": "fPIC=True\nshared=False\nprotobuf:debug_suffix=True\nprotobuf:fPIC=True\nprotobuf:lite=False\nprotobuf:shared=False\nprotobuf:with_rtti=True\nprotobuf:with_zlib=True\nzlib:fPIC=True\nzlib:shared=False",
    "requires": [
     "1"
    ],
    "path": "conanfile.py",
    "context": "host"
   },
   "1": {
    "ref": "protobuf/3.21.9",
    "options": "debug_suffix=True\nfPIC=True\nlite=False\nshared=False\nwith_rtti=True\nwith_zlib=True\nzlib:fPIC=True\nzlib:shared=False",
    "package_id": "bd2be2a8b53548ddd6c9941d952979f99c859162",
    "prev": "0",
    "requires": [
     "2"
    ],
    "context": "host"
   },
   "2": {
    "ref": "zlib/1.2.13",
    "options": "fPIC=True\nshared=False",
    "package_id": "f568eec00a82af2100dc006430c1be98df6d77fa",
    "prev": "0",
    "context": "host"
   }
  },
  "revisions_enabled": false
 },
 "version": "0.4",
 "profile_host": "[settings]\narch=armv8\narch_build=armv8\nbuild_type=Release\ncompiler=clang\ncompiler.cppstd=17\ncompiler.libcxx=libc++\ncompiler.version=15\nos=Macos\nos_build=Macos\n[options]\n[build_requires]\n[env]\nCC=/usr/local/opt/llvm/bin/clang\nCXX=/usr/local/opt/llvm/bin/clang++"
}